
Microsoft Visual Studio Solution File, Format Version 12.00
# Visual Studio Version 17
VisualStudioVersion = 17.8.34330.188
MinimumVisualStudioVersion = 10.0.40219.1
Project("{FAE04EC0-301F-11D3-BF4B-00C04F79EFBC}") = "MyFirstProject", "MyFirstProject.csproj", "{86FDB6C5-8FE5-45B1-B9F3-D79FE573E082}"
EndProject
Global
	GlobalSection(SolutionConfigurationPlatforms) = preSolution
		Debug|Any CPU = Debug|Any CPU
		Release|Any CPU = Release|Any CPU
	EndGlobalSection
	GlobalSection(ProjectConfigurationPlatforms) = postSolution
		{86FDB6C5-8FE5-45B1-B9F3-D79FE573E082}.Debug|Any CPU.ActiveCfg = Debug|Any CPU
		{86FDB6C5-8FE5-45B1-B9F3-D79FE573E082}.Debug|Any CPU.Build.0 = Debug|Any CPU
		{86FDB6C5-8FE5-45B1-B9F3-D79FE573E082}.Release|Any CPU.ActiveCfg = Release|Any CPU
		{86FDB6C5-8FE5-45B1-B9F3-D79FE573E082}.Release|Any CPU.Build.0 = Release|Any CPU
	EndGlobalSection
	GlobalSection(SolutionProperties) = preSolution
		HideSolutionNode = FALSE
	EndGlobalSection
	GlobalSection(ExtensibilityGlobals) = postSolution
		SolutionGuid = {D2030F0D-555C-43EC-B068-C86B2004302D}
	EndGlobalSection
EndGlobal
